
Microsoft Visual Studio Solution File, Format Version 12.00
# Visual Studio 15
VisualStudioVersion = 15.0.28307.421
MinimumVisualStudioVersion = 10.0.40219.1
Project("{8BC9CEB8-8B4A-11D0-8D11-00A0C91BC942}") = "clWrapper", "clWrapper\clWrapper.vcxproj", "{CBB6B93C-0BE7-40BE-9E83-3F5604F9D6CD}"
EndProject
Project("{8BC9CEB8-8B4A-11D0-8D11-00A0C91BC942}") = "Test", "Test\Test.vcxproj", "{57C01146-438D-447A-9758-CA90DF6756FB}"
	ProjectSection(ProjectDependencies) = postProject
		{CBB6B93C-0BE7-40BE-9E83-3F5604F9D6CD} = {CBB6B93C-0BE7-40BE-9E83-3F5604F9D6CD}
	EndProjectSection
EndProject
Global
	GlobalSection(SolutionConfigurationPlatforms) = preSolution
		Debug|x64 = Debug|x64
		Release|x64 = Release|x64
	EndGlobalSection
	GlobalSection(ProjectConfigurationPlatforms) = postSolution
		{CBB6B93C-0BE7-40BE-9E83-3F5604F9D6CD}.Debug|x64.ActiveCfg = Debug|x64
		{CBB6B93C-0BE7-40BE-9E83-3F5604F9D6CD}.Debug|x64.Build.0 = Debug|x64
		{CBB6B93C-0BE7-40BE-9E83-3F5604F9D6CD}.Release|x64.ActiveCfg = Release|x64
		{CBB6B93C-0BE7-40BE-9E83-3F5604F9D6CD}.Release|x64.Build.0 = Release|x64
		{57C01146-438D-447A-9758-CA90DF6756FB}.Debug|x64.ActiveCfg = Debug|x64
		{57C01146-438D-447A-9758-CA90DF6756FB}.Debug|x64.Build.0 = Debug|x64
		{57C01146-438D-447A-9758-CA90DF6756FB}.Release|x64.ActiveCfg = Release|x64
		{57C01146-438D-447A-9758-CA90DF6756FB}.Release|x64.Build.0 = Release|x64
	EndGlobalSection
	GlobalSection(SolutionProperties) = preSolution
		HideSolutionNode = FALSE
	EndGlobalSection
	GlobalSection(ExtensibilityGlobals) = postSolution
		SolutionGuid = {AD24F227-F02B-4A97-B4A3-1EF435EFD34D}
	EndGlobalSection
EndGlobal
